// !$*UTF8*$!
{
	archiveVersion = 1;
	classes = {
	};
	objectVersion = 46;
	objects = {

/* Begin PBXBuildFile section */
		C89C8C8D1D795ABA0066FAEC /* Assets.xcassets in Resources */ = {isa = PBXBuildFile; fileRef = C89C8C8C1D795ABA0066FAEC /* Assets.xcassets */; };
		C89C8C941D795ABA0066FAEC /* MessagesExtension.appex in Embed App Extensions */ = {isa = PBXBuildFile; fileRef = C89C8C931D795ABA0066FAEC /* MessagesExtension.appex */; settings = {ATTRIBUTES = (RemoveHeadersOnCopy, ); }; };
		C89C8C991D795ABA0066FAEC /* Messages.framework in Frameworks */ = {isa = PBXBuildFile; fileRef = C89C8C981D795ABA0066FAEC /* Messages.framework */; };
		C89C8C9C1D795ABA0066FAEC /* MessagesViewController.swift in Sources */ = {isa = PBXBuildFile; fileRef = C89C8C9B1D795ABA0066FAEC /* MessagesViewController.swift */; };
		C89C8C9F1D795ABA0066FAEC /* MainInterface.storyboard in Resources */ = {isa = PBXBuildFile; fileRef = C89C8C9D1D795ABA0066FAEC /* MainInterface.storyboard */; };
		C89C8CA11D795ABA0066FAEC /* Assets.xcassets in Resources */ = {isa = PBXBuildFile; fileRef = C89C8CA01D795ABA0066FAEC /* Assets.xcassets */; };
/* End PBXBuildFile section */

/* Begin PBXContainerItemProxy section */
		C89C8C951D795ABA0066FAEC /* PBXContainerItemProxy */ = {
			isa = PBXContainerItemProxy;
			containerPortal = C89C8C831D795ABA0066FAEC /* Project object */;
			proxyType = 1;
			remoteGlobalIDString = C89C8C921D795ABA0066FAEC;
			remoteInfo = MessagesExtension;
		};
/* End PBXContainerItemProxy section */

/* Begin PBXCopyFilesBuildPhase section */
		C89C8CA81D795ABA0066FAEC /* Embed App Extensions */ = {
			isa = PBXCopyFilesBuildPhase;
			buildActionMask = 2147483647;
			dstPath = "";
			dstSubfolderSpec = 13;
			files = (
				C89C8C941D795ABA0066FAEC /* MessagesExtension.appex in Embed App Extensions */,
			);
			name = "Embed App Extensions";
			runOnlyForDeploymentPostprocessing = 0;
		};
/* End PBXCopyFilesBuildPhase section */

/* Begin PBXFileReference section */
		C89C8C891D795ABA0066FAEC /* Messages.app */ = {isa = PBXFileReference; explicitFileType = wrapper.application; includeInIndex = 0; path = Messages.app; sourceTree = BUILT_PRODUCTS_DIR; };
		C89C8C8C1D795ABA0066FAEC /* Assets.xcassets */ = {isa = PBXFileReference; lastKnownFileType = folder.assetcatalog; path = Assets.xcassets; sourceTree = "<group>"; };
		C89C8C8E1D795ABA0066FAEC /* Info.plist */ = {isa = PBXFileReference; lastKnownFileType = text.plist.xml; path = Info.plist; sourceTree = "<group>"; };
		C89C8C931D795ABA0066FAEC /* MessagesExtension.appex */ = {isa = PBXFileReference; explicitFileType = "wrapper.app-extension"; includeInIndex = 0; path = MessagesExtension.appex; sourceTree = BUILT_PRODUCTS_DIR; };
		C89C8C981D795ABA0066FAEC /* Messages.framework */ = {isa = PBXFileReference; lastKnownFileType = wrapper.framework; name = Messages.framework; path = System/Library/Frameworks/Messages.framework; sourceTree = SDKROOT; };
		C89C8C9B1D795ABA0066FAEC /* MessagesViewController.swift */ = {isa = PBXFileReference; lastKnownFileType = sourcecode.swift; path = MessagesViewController.swift; sourceTree = "<group>"; };
		C89C8C9E1D795ABA0066FAEC /* Base */ = {isa = PBXFileReference; lastKnownFileType = file.storyboard; name = Base; path = Base.lproj/MainInterface.storyboard; sourceTree = "<group>"; };
		C89C8CA01D795ABA0066FAEC /* Assets.xcassets */ = {isa = PBXFileReference; lastKnownFileType = folder.assetcatalog; path = Assets.xcassets; sourceTree = "<group>"; };
		C89C8CA21D795ABA0066FAEC /* Info.plist */ = {isa = PBXFileReference; lastKnownFileType = text.plist.xml; path = Info.plist; sourceTree = "<group>"; };
/* End PBXFileReference section */

/* Begin PBXFrameworksBuildPhase section */
		C89C8C901D795ABA0066FAEC /* Frameworks */ = {
			isa = PBXFrameworksBuildPhase;
			buildActionMask = 2147483647;
			files = (
				C89C8C991D795ABA0066FAEC /* Messages.framework in Frameworks */,
			);
			runOnlyForDeploymentPostprocessing = 0;
		};
/* End PBXFrameworksBuildPhase section */

/* Begin PBXGroup section */
		C89C8C821D795ABA0066FAEC = {
			isa = PBXGroup;
			children = (
				C89C8C8B1D795ABA0066FAEC /* Messages */,
				C89C8C9A1D795ABA0066FAEC /* MessagesExtension */,
				C89C8C971D795ABA0066FAEC /* Frameworks */,
				C89C8C8A1D795ABA0066FAEC /* Products */,
			);
			sourceTree = "<group>";
		};
		C89C8C8A1D795ABA0066FAEC /* Products */ = {
			isa = PBXGroup;
			children = (
				C89C8C891D795ABA0066FAEC /* Messages.app */,
				C89C8C931D795ABA0066FAEC /* MessagesExtension.appex */,
			);
			name = Products;
			sourceTree = "<group>";
		};
		C89C8C8B1D795ABA0066FAEC /* Messages */ = {
			isa = PBXGroup;
			children = (
				C89C8C8C1D795ABA0066FAEC /* Assets.xcassets */,
				C89C8C8E1D795ABA0066FAEC /* Info.plist */,
			);
			path = Messages;
			sourceTree = "<group>";
		};
		C89C8C971D795ABA0066FAEC /* Frameworks */ = {
			isa = PBXGroup;
			children = (
				C89C8C981D795ABA0066FAEC /* Messages.framework */,
			);
			name = Frameworks;
			sourceTree = "<group>";
		};
		C89C8C9A1D795ABA0066FAEC /* MessagesExtension */ = {
			isa = PBXGroup;
			children = (
				C8E336EE1D7ADD9C004BF6AA /* View */,
				C8E336ED1D7ADD80004BF6AA /* Controllers */,
				C8E336EC1D7ADD62004BF6AA /* Model */,
				C89C8C9D1D795ABA0066FAEC /* MainInterface.storyboard */,
				C89C8CA01D795ABA0066FAEC /* Assets.xcassets */,
				C89C8CA21D795ABA0066FAEC /* Info.plist */,
			);
			path = MessagesExtension;
			sourceTree = "<group>";
		};
		C8E336EC1D7ADD62004BF6AA /* Model */ = {
			isa = PBXGroup;
			children = (
			);
			name = Model;
			sourceTree = "<group>";
		};
		C8E336ED1D7ADD80004BF6AA /* Controllers */ = {
			isa = PBXGroup;
			children = (
				C89C8C9B1D795ABA0066FAEC /* MessagesViewController.swift */,
			);
			name = Controllers;
			sourceTree = "<group>";
		};
		C8E336EE1D7ADD9C004BF6AA /* View */ = {
			isa = PBXGroup;
			children = (
			);
			name = View;
			sourceTree = "<group>";
		};
/* End PBXGroup section */

/* Begin PBXNativeTarget section */
		C89C8C881D795ABA0066FAEC /* Messages */ = {
			isa = PBXNativeTarget;
			buildConfigurationList = C89C8CA91D795ABA0066FAEC /* Build configuration list for PBXNativeTarget "Messages" */;
			buildPhases = (
				C89C8C871D795ABA0066FAEC /* Resources */,
				C89C8CA81D795ABA0066FAEC /* Embed App Extensions */,
			);
			buildRules = (
			);
			dependencies = (
				C89C8C961D795ABA0066FAEC /* PBXTargetDependency */,
			);
			name = Messages;
			productName = Messages;
			productReference = C89C8C891D795ABA0066FAEC /* Messages.app */;
			productType = "com.apple.product-type.application.messages";
		};
		C89C8C921D795ABA0066FAEC /* MessagesExtension */ = {
			isa = PBXNativeTarget;
			buildConfigurationList = C89C8CA51D795ABA0066FAEC /* Build configuration list for PBXNativeTarget "MessagesExtension" */;
			buildPhases = (
				C89C8C8F1D795ABA0066FAEC /* Sources */,
				C89C8C901D795ABA0066FAEC /* Frameworks */,
				C89C8C911D795ABA0066FAEC /* Resources */,
			);
			buildRules = (
			);
			dependencies = (
			);
			name = MessagesExtension;
			productName = MessagesExtension;
			productReference = C89C8C931D795ABA0066FAEC /* MessagesExtension.appex */;
			productType = "com.apple.product-type.app-extension.messages";
		};
/* End PBXNativeTarget section */

/* Begin PBXProject section */
		C89C8C831D795ABA0066FAEC /* Project object */ = {
			isa = PBXProject;
			attributes = {
				LastSwiftUpdateCheck = 0800;
				LastUpgradeCheck = 0800;
				ORGANIZATIONNAME = MOB;
				TargetAttributes = {
					C89C8C881D795ABA0066FAEC = {
						CreatedOnToolsVersion = 8.0;
						ProvisioningStyle = Automatic;
					};
					C89C8C921D795ABA0066FAEC = {
						CreatedOnToolsVersion = 8.0;
						ProvisioningStyle = Automatic;
					};
				};
			};
			buildConfigurationList = C89C8C861D795ABA0066FAEC /* Build configuration list for PBXProject "Messages" */;
			compatibilityVersion = "Xcode 3.2";
			developmentRegion = English;
			hasScannedForEncodings = 0;
			knownRegions = (
				en,
				Base,
			);
			mainGroup = C89C8C821D795ABA0066FAEC;
			productRefGroup = C89C8C8A1D795ABA0066FAEC /* Products */;
			projectDirPath = "";
			projectRoot = "";
			targets = (
				C89C8C881D795ABA0066FAEC /* Messages */,
				C89C8C921D795ABA0066FAEC /* MessagesExtension */,
			);
		};
/* End PBXProject section */

/* Begin PBXResourcesBuildPhase section */
		C89C8C871D795ABA0066FAEC /* Resources */ = {
			isa = PBXResourcesBuildPhase;
			buildActionMask = 2147483647;
			files = (
				C89C8C8D1D795ABA0066FAEC /* Assets.xcassets in Resources */,
			);
			runOnlyForDeploymentPostprocessing = 0;
		};
		C89C8C911D795ABA0066FAEC /* Resources */ = {
			isa = PBXResourcesBuildPhase;
			buildActionMask = 2147483647;
			files = (
				C89C8CA11D795ABA0066FAEC /* Assets.xcassets in Resources */,
				C89C8C9F1D795ABA0066FAEC /* MainInterface.storyboard in Resources */,
			);
			runOnlyForDeploymentPostprocessing = 0;
		};
/* End PBXResourcesBuildPhase section */

/* Begin PBXSourcesBuildPhase section */
		C89C8C8F1D795ABA0066FAEC /* Sources */ = {
			isa = PBXSourcesBuildPhase;
			buildActionMask = 2147483647;
			files = (
				C89C8C9C1D795ABA0066FAEC /* MessagesViewController.swift in Sources */,
			);
			runOnlyForDeploymentPostprocessing = 0;
		};
/* End PBXSourcesBuildPhase section */

/* Begin PBXTargetDependency section */
		C89C8C961D795ABA0066FAEC /* PBXTargetDependency */ = {
			isa = PBXTargetDependency;
			target = C89C8C921D795ABA0066FAEC /* MessagesExtension */;
			targetProxy = C89C8C951D795ABA0066FAEC /* PBXContainerItemProxy */;
		};
/* End PBXTargetDependency section */

/* Begin PBXVariantGroup section */
		C89C8C9D1D795ABA0066FAEC /* MainInterface.storyboard */ = {
			isa = PBXVariantGroup;
			children = (
				C89C8C9E1D795ABA0066FAEC /* Base */,
			);
			name = MainInterface.storyboard;
			sourceTree = "<group>";
		};
/* End PBXVariantGroup section */

/* Begin XCBuildConfiguration section */
		C89C8CA31D795ABA0066FAEC /* Debug */ = {
			isa = XCBuildConfiguration;
			buildSettings = {
				ALWAYS_SEARCH_USER_PATHS = NO;
				CLANG_ANALYZER_NONNULL = YES;
				CLANG_CXX_LANGUAGE_STANDARD = "gnu++0x";
				CLANG_CXX_LIBRARY = "libc++";
				CLANG_ENABLE_MODULES = YES;
				CLANG_ENABLE_OBJC_ARC = YES;
				CLANG_WARN_BOOL_CONVERSION = YES;
				CLANG_WARN_CONSTANT_CONVERSION = YES;
				CLANG_WARN_DIRECT_OBJC_ISA_USAGE = YES_ERROR;
				CLANG_WARN_DOCUMENTATION_COMMENTS = YES;
				CLANG_WARN_EMPTY_BODY = YES;
				CLANG_WARN_ENUM_CONVERSION = YES;
				CLANG_WARN_INFINITE_RECURSION = YES;
				CLANG_WARN_INT_CONVERSION = YES;
				CLANG_WARN_OBJC_ROOT_CLASS = YES_ERROR;
				CLANG_WARN_SUSPICIOUS_MOVES = YES;
				CLANG_WARN_UNREACHABLE_CODE = YES;
				CLANG_WARN__DUPLICATE_METHOD_MATCH = YES;
				"CODE_SIGN_IDENTITY[sdk=iphoneos*]" = "iPhone Developer";
				COPY_PHASE_STRIP = NO;
				DEBUG_INFORMATION_FORMAT = dwarf;
				ENABLE_STRICT_OBJC_MSGSEND = YES;
				ENABLE_TESTABILITY = YES;
				GCC_C_LANGUAGE_STANDARD = gnu99;
				GCC_DYNAMIC_NO_PIC = NO;
				GCC_NO_COMMON_BLOCKS = YES;
				GCC_OPTIMIZATION_LEVEL = 0;
				GCC_PREPROCESSOR_DEFINITIONS = (
					"DEBUG=1",
					"$(inherited)",
				);
				GCC_WARN_64_TO_32_BIT_CONVERSION = YES;
				GCC_WARN_ABOUT_RETURN_TYPE = YES_ERROR;
				GCC_WARN_UNDECLARED_SELECTOR = YES;
				GCC_WARN_UNINITIALIZED_AUTOS = YES_AGGRESSIVE;
				GCC_WARN_UNUSED_FUNCTION = YES;
				GCC_WARN_UNUSED_VARIABLE = YES;
				IPHONEOS_DEPLOYMENT_TARGET = 10.0;
				MTL_ENABLE_DEBUG_INFO = YES;
				ONLY_ACTIVE_ARCH = YES;
				SDKROOT = iphoneos;
				SWIFT_ACTIVE_COMPILATION_CONDITIONS = DEBUG;
				SWIFT_OPTIMIZATION_LEVEL = "-Onone";
			};
			name = Debug;
		};
		C89C8CA41D795ABA0066FAEC /* Release */ = {
			isa = XCBuildConfiguration;
			buildSettings = {
				ALWAYS_SEARCH_USER_PATHS = NO;
				CLANG_ANALYZER_NONNULL = YES;
				CLANG_CXX_LANGUAGE_STANDARD = "gnu++0x";
				CLANG_CXX_LIBRARY = "libc++";
				CLANG_ENABLE_MODULES = YES;
				CLANG_ENABLE_OBJC_ARC = YES;
				CLANG_WARN_BOOL_CONVERSION = YES;
				CLANG_WARN_CONSTANT_CONVERSION = YES;
				CLANG_WARN_DIRECT_OBJC_ISA_USAGE = YES_ERROR;
				CLANG_WARN_DOCUMENTATION_COMMENTS = YES;
				CLANG_WARN_EMPTY_BODY = YES;
				CLANG_WARN_ENUM_CONVERSION = YES;
				CLANG_WARN_INFINITE_RECURSION = YES;
				CLANG_WARN_INT_CONVERSION = YES;
				CLANG_WARN_OBJC_ROOT_CLASS = YES_ERROR;
				CLANG_WARN_SUSPICIOUS_MOVES = YES;
				CLANG_WARN_UNREACHABLE_CODE = YES;
				CLANG_WARN__DUPLICATE_METHOD_MATCH = YES;
				"CODE_SIGN_IDENTITY[sdk=iphoneos*]" = "iPhone Developer";
				COPY_PHASE_STRIP = NO;
				DEBUG_INFORMATION_FORMAT = "dwarf-with-dsym";
				ENABLE_NS_ASSERTIONS = NO;
				ENABLE_STRICT_OBJC_MSGSEND = YES;
				GCC_C_LANGUAGE_STANDARD = gnu99;
				GCC_NO_COMMON_BLOCKS = YES;
				GCC_WARN_64_TO_32_BIT_CONVERSION = YES;
				GCC_WARN_ABOUT_RETURN_TYPE = YES_ERROR;
				GCC_WARN_UNDECLARED_SELECTOR = YES;
				GCC_WARN_UNINITIALIZED_AUTOS = YES_AGGRESSIVE;
				GCC_WARN_UNUSED_FUNCTION = YES;
				GCC_WARN_UNUSED_VARIABLE = YES;
				IPHONEOS_DEPLOYMENT_TARGET = 10.0;
				MTL_ENABLE_DEBUG_INFO = NO;
				SDKROOT = iphoneos;
				SWIFT_OPTIMIZATION_LEVEL = "-Owholemodule";
				VALIDATE_PRODUCT = YES;
			};
			name = Release;
		};
		C89C8CA61D795ABA0066FAEC /* Debug */ = {
			isa = XCBuildConfiguration;
			buildSettings = {
				ASSETCATALOG_COMPILER_APPICON_NAME = "iMessage App Icon";
				INFOPLIST_FILE = MessagesExtension/Info.plist;
				LD_RUNPATH_SEARCH_PATHS = "$(inherited) @executable_path/Frameworks @executable_path/../../Frameworks";
				PRODUCT_BUNDLE_IDENTIFIER = com.code4app.Messages.MessagesExtension;
				PRODUCT_NAME = "$(TARGET_NAME)";
				SKIP_INSTALL = YES;
				SWIFT_VERSION = 3.0;
			};
			name = Debug;
		};
		C89C8CA71D795ABA0066FAEC /* Release */ = {
			isa = XCBuildConfiguration;
			buildSettings = {
				ASSETCATALOG_COMPILER_APPICON_NAME = "iMessage App Icon";
				INFOPLIST_FILE = MessagesExtension/Info.plist;
				LD_RUNPATH_SEARCH_PATHS = "$(inherited) @executable_path/Frameworks @executable_path/../../Frameworks";
				PRODUCT_BUNDLE_IDENTIFIER = com.code4app.Messages.MessagesExtension;
				PRODUCT_NAME = "$(TARGET_NAME)";
				SKIP_INSTALL = YES;
				SWIFT_VERSION = 3.0;
			};
			name = Release;
		};
		C89C8CAA1D795ABA0066FAEC /* Debug */ = {
			isa = XCBuildConfiguration;
			buildSettings = {
				ALWAYS_EMBED_SWIFT_STANDARD_LIBRARIES = YES;
				ASSETCATALOG_COMPILER_APPICON_NAME = AppIcon;
				INFOPLIST_FILE = Messages/Info.plist;
				PRODUCT_BUNDLE_IDENTIFIER = com.code4app.Messages;
				PRODUCT_NAME = "$(TARGET_NAME)";
				SWIFT_VERSION = 3.0;
				TARGETED_DEVICE_FAMILY = "1,2";
			};
			name = Debug;
		};
		C89C8CAB1D795ABA0066FAEC /* Release */ = {
			isa = XCBuildConfiguration;
			buildSettings = {
				ALWAYS_EMBED_SWIFT_STANDARD_LIBRARIES = YES;
				ASSETCATALOG_COMPILER_APPICON_NAME = AppIcon;
				INFOPLIST_FILE = Messages/Info.plist;
				PRODUCT_BUNDLE_IDENTIFIER = com.code4app.Messages;
				PRODUCT_NAME = "$(TARGET_NAME)";
				SWIFT_VERSION = 3.0;
				TARGETED_DEVICE_FAMILY = "1,2";
			};
			name = Release;
		};
/* End XCBuildConfiguration section */

/* Begin XCConfigurationList section */
		C89C8C861D795ABA0066FAEC /* Build configuration list for PBXProject "Messages" */ = {
			isa = XCConfigurationList;
			buildConfigurations = (
				C89C8CA31D795ABA0066FAEC /* Debug */,
				C89C8CA41D795ABA0066FAEC /* Release */,
			);
			defaultConfigurationIsVisible = 0;
			defaultConfigurationName = Release;
		};
		C89C8CA51D795ABA0066FAEC /* Build configuration list for PBXNativeTarget "MessagesExtension" */ = {
			isa = XCConfigurationList;
			buildConfigurations = (
				C89C8CA61D795ABA0066FAEC /* Debug */,
				C89C8CA71D795ABA0066FAEC /* Release */,
			);
			defaultConfigurationIsVisible = 0;
			defaultConfigurationName = Release;
		};
		C89C8CA91D795ABA0066FAEC /* Build configuration list for PBXNativeTarget "Messages" */ = {
			isa = XCConfigurationList;
			buildConfigurations = (
				C89C8CAA1D795ABA0066FAEC /* Debug */,
				C89C8CAB1D795ABA0066FAEC /* Release */,
			);
			defaultConfigurationIsVisible = 0;
			defaultConfigurationName = Release;
		};
/* End XCConfigurationList section */
	};
	rootObject = C89C8C831D795ABA0066FAEC /* Project object */;
}
